{
  "name": "customer_portal",
  "version": "1.0.0",
  "lockfileVersion": 3,
  "requires": true,
  "packages": {
    "": {
      "name": "customer_portal",
      "version": "1.0.0",
      "devDependencies": {
        "@swell/app-types": "^1.0.5"
      }
    },
    "node_modules/@swell/app-types": {
      "version": "1.1.0",
      "resolved": "https://registry.npmjs.org/@swell/app-types/-/app-types-1.1.0.tgz",
      "integrity": "sha512-zYJS1INx05gMH8VwQuIHpg21oHYQtp9JRGBAcM2LNfaZFgUTzHkB5hkVN3jT1649z9S+GWjGvzBum03K51zbxw==",
      "dev": true
    }
  }
}
